<Solution>
  <Project Path="AvlnImeDemo.Android/AvlnImeDemo.Android.csproj">
    <Deploy />
  </Project>
  <Project Path="AvlnImeDemo.Browser/AvlnImeDemo.Browser.csproj" />
  <Project Path="AvlnImeDemo.Desktop/AvlnImeDemo.Desktop.csproj" />
  <Project Path="AvlnImeDemo.iOS/AvlnImeDemo.iOS.csproj">
    <Deploy />
  </Project>
  <Project Path="AvlnImeDemo/AvlnImeDemo.csproj" />
</Solution>
